
Microsoft Visual Studio Solution File, Format Version 12.00
# Visual Studio Version 17
VisualStudioVersion = 17.5.33530.505
MinimumVisualStudioVersion = 10.0.40219.1
Project("{FAE04EC0-301F-11D3-BF4B-00C04F79EFBC}") = "LoginSignupIdentity", "LoginSignupIdentity\LoginSignupIdentity.csproj", "{925F4682-5FA3-4FED-813C-E7FF406A309C}"
EndProject
Project("{FAE04EC0-301F-11D3-BF4B-00C04F79EFBC}") = "ManuallyLoginSIgnuP", "ManuallyLoginSIgnuP\ManuallyLoginSIgnuP.csproj", "{7F43A3AC-59A9-4599-B9A9-ECD8580FB3FB}"
EndProject
Global
	GlobalSection(SolutionConfigurationPlatforms) = preSolution
		Debug|Any CPU = Debug|Any CPU
		Release|Any CPU = Release|Any CPU
	EndGlobalSection
	GlobalSection(ProjectConfigurationPlatforms) = postSolution
		{925F4682-5FA3-4FED-813C-E7FF406A309C}.Debug|Any CPU.ActiveCfg = Debug|Any CPU
		{925F4682-5FA3-4FED-813C-E7FF406A309C}.Debug|Any CPU.Build.0 = Debug|Any CPU
		{925F4682-5FA3-4FED-813C-E7FF406A309C}.Release|Any CPU.ActiveCfg = Release|Any CPU
		{925F4682-5FA3-4FED-813C-E7FF406A309C}.Release|Any CPU.Build.0 = Release|Any CPU
		{7F43A3AC-59A9-4599-B9A9-ECD8580FB3FB}.Debug|Any CPU.ActiveCfg = Debug|Any CPU
		{7F43A3AC-59A9-4599-B9A9-ECD8580FB3FB}.Debug|Any CPU.Build.0 = Debug|Any CPU
		{7F43A3AC-59A9-4599-B9A9-ECD8580FB3FB}.Release|Any CPU.ActiveCfg = Release|Any CPU
		{7F43A3AC-59A9-4599-B9A9-ECD8580FB3FB}.Release|Any CPU.Build.0 = Release|Any CPU
	EndGlobalSection
	GlobalSection(SolutionProperties) = preSolution
		HideSolutionNode = FALSE
	EndGlobalSection
	GlobalSection(ExtensibilityGlobals) = postSolution
		SolutionGuid = {A47678EA-8082-4434-BE7C-254EA92FEBCB}
	EndGlobalSection
EndGlobal
